{
  "requires": true,
  "lockfileVersion": 1,
  "dependencies": {
    "@types/localforage": {
      "version": "0.0.34",
      "resolved": "https://ab-inbev.pkgs.visualstudio.com/GHQ_B2B_Delta/_packaging/nfa-services/npm/registry/@types/localforage/-/localforage-0.0.34.tgz",
      "integrity": "sha1-XjHDLdh5HsS5/z70fJy1Wy0NlDg=",
      "requires": {
        "localforage": "*"
      }
    },
    "@xmldom/xmldom": {
      "version": "0.7.5",
      "resolved": "https://ab-inbev.pkgs.visualstudio.com/GHQ_B2B_Delta/_packaging/nfa-services/npm/registry/@xmldom/xmldom/-/xmldom-0.7.5.tgz",
      "integrity": "sha1-CfpR41bQfQviAGQrDk+R2ObdQI0="
    },
    "core-js": {
      "version": "3.19.1",
      "resolved": "https://ab-inbev.pkgs.visualstudio.com/GHQ_B2B_Delta/_packaging/nfa-services/npm/registry/core-js/-/core-js-3.19.1.tgz",
      "integrity": "sha1-9vFzyuI+c6fYj6I7bp2jKSdsZkE="
    },
    "core-util-is": {
      "version": "1.0.3",
      "resolved": "https://ab-inbev.pkgs.visualstudio.com/GHQ_B2B_Delta/_packaging/nfa-services/npm/registry/core-util-is/-/core-util-is-1.0.3.tgz",
      "integrity": "sha1-pgQtNjTCsn6TKPg3uWX6yDgI24U="
    },
    "d": {
      "version": "1.0.1",
      "resolved": "https://ab-inbev.pkgs.visualstudio.com/GHQ_B2B_Delta/_packaging/nfa-services/npm/registry/d/-/d-1.0.1.tgz",
      "integrity": "sha1-hpgJU3LVjb7jRv/Qxwk/mfj561o=",
      "requires": {
        "es5-ext": "^0.10.50",
        "type": "^1.0.1"
      }
    },
    "epubjs": {
      "version": "0.3.90",
      "resolved": "https://ab-inbev.pkgs.visualstudio.com/GHQ_B2B_Delta/_packaging/nfa-services/npm/registry/epubjs/-/epubjs-0.3.90.tgz",
      "integrity": "sha1-00Dc8MgjWlyT5QSYMFf4juxkTpU=",
      "requires": {
        "@types/localforage": "0.0.34",
        "@xmldom/xmldom": "^0.7.5",
        "core-js": "^3.18.3",
        "event-emitter": "^0.3.5",
        "jszip": "^3.7.1",
        "localforage": "^1.10.0",
        "lodash": "^4.17.21",
        "marks-pane": "^1.0.9",
        "path-webpack": "0.0.3"
      }
    },
    "es5-ext": {
      "version": "0.10.53",
      "resolved": "https://ab-inbev.pkgs.visualstudio.com/GHQ_B2B_Delta/_packaging/nfa-services/npm/registry/es5-ext/-/es5-ext-0.10.53.tgz",
      "integrity": "sha1-k8WjrP2+8nUiCtcmRK0C7hg2jeE=",
      "requires": {
        "es6-iterator": "~2.0.3",
        "es6-symbol": "~3.1.3",
        "next-tick": "~1.0.0"
      }
    },
    "es6-iterator": {
      "version": "2.0.3",
      "resolved": "https://ab-inbev.pkgs.visualstudio.com/GHQ_B2B_Delta/_packaging/nfa-services/npm/registry/es6-iterator/-/es6-iterator-2.0.3.tgz",
      "integrity": "sha1-p96IkUGgWpSwhUQDstCg+/qY87c=",
      "requires": {
        "d": "1",
        "es5-ext": "^0.10.35",
        "es6-symbol": "^3.1.1"
      }
    },
    "es6-symbol": {
      "version": "3.1.3",
      "resolved": "https://ab-inbev.pkgs.visualstudio.com/GHQ_B2B_Delta/_packaging/nfa-services/npm/registry/es6-symbol/-/es6-symbol-3.1.3.tgz",
      "integrity": "sha1-utXTwbzawoJp9MszHkMceKxwXRg=",
      "requires": {
        "d": "^1.0.1",
        "ext": "^1.1.2"
      }
    },
    "event-emitter": {
      "version": "0.3.5",
      "resolved": "https://ab-inbev.pkgs.visualstudio.com/GHQ_B2B_Delta/_packaging/nfa-services/npm/registry/event-emitter/-/event-emitter-0.3.5.tgz",
      "integrity": "sha1-34xp7vFkeSPHFXuc6DhAYQsCzDk=",
      "requires": {
        "d": "1",
        "es5-ext": "~0.10.14"
      }
    },
    "ext": {
      "version": "1.6.0",
      "resolved": "https://ab-inbev.pkgs.visualstudio.com/GHQ_B2B_Delta/_packaging/nfa-services/npm/registry/ext/-/ext-1.6.0.tgz",
      "integrity": "sha1-OHHVBkHodMwXLitT+RmELRnbTFI=",
      "requires": {
        "type": "^2.5.0"
      },
      "dependencies": {
        "type": {
          "version": "2.5.0",
          "resolved": "https://ab-inbev.pkgs.visualstudio.com/GHQ_B2B_Delta/_packaging/nfa-services/npm/registry/type/-/type-2.5.0.tgz",
          "integrity": "sha1-Ci54wud5B7JSq+XymMGwHGPw2z0="
        }
      }
    },
    "immediate": {
      "version": "3.0.6",
      "resolved": "https://ab-inbev.pkgs.visualstudio.com/GHQ_B2B_Delta/_packaging/nfa-services/npm/registry/immediate/-/immediate-3.0.6.tgz",
      "integrity": "sha1-nbHb0Pr43m++D13V5Wu2BigN5ps="
    },
    "inherits": {
      "version": "2.0.4",
      "resolved": "https://ab-inbev.pkgs.visualstudio.com/GHQ_B2B_Delta/_packaging/nfa-services/npm/registry/inherits/-/inherits-2.0.4.tgz",
      "integrity": "sha1-D6LGT5MpF8NDOg3tVTY6rjdBa3w="
    },
    "isarray": {
      "version": "1.0.0",
      "resolved": "https://ab-inbev.pkgs.visualstudio.com/GHQ_B2B_Delta/_packaging/nfa-services/npm/registry/isarray/-/isarray-1.0.0.tgz",
      "integrity": "sha1-u5NdSFgsuhaMBoNJV6VKPgcSTxE="
    },
    "js-tokens": {
      "version": "4.0.0",
      "resolved": "https://ab-inbev.pkgs.visualstudio.com/GHQ_B2B_Delta/_packaging/nfa-services/npm/registry/js-tokens/-/js-tokens-4.0.0.tgz",
      "integrity": "sha1-GSA/tZmR35jjoocFDUZHzerzJJk="
    },
    "jszip": {
      "version": "3.7.1",
      "resolved": "https://ab-inbev.pkgs.visualstudio.com/GHQ_B2B_Delta/_packaging/nfa-services/npm/registry/jszip/-/jszip-3.7.1.tgz",
      "integrity": "sha1-vWNAEiHBViWhIoxVbKimjab9o9k=",
      "requires": {
        "lie": "~3.3.0",
        "pako": "~1.0.2",
        "readable-stream": "~2.3.6",
        "set-immediate-shim": "~1.0.1"
      },
      "dependencies": {
        "lie": {
          "version": "3.3.0",
          "resolved": "https://ab-inbev.pkgs.visualstudio.com/GHQ_B2B_Delta/_packaging/nfa-services/npm/registry/lie/-/lie-3.3.0.tgz",
          "integrity": "sha1-3Pgt7lRfRgdNryAMfBxaCOD0D2o=",
          "requires": {
            "immediate": "~3.0.5"
          }
        }
      }
    },
    "lie": {
      "version": "3.1.1",
      "resolved": "https://ab-inbev.pkgs.visualstudio.com/GHQ_B2B_Delta/_packaging/nfa-services/npm/registry/lie/-/lie-3.1.1.tgz",
      "integrity": "sha1-mkNrLMd0bKWd56QfpGmz77dr2H4=",
      "requires": {
        "immediate": "~3.0.5"
      }
    },
    "localforage": {
      "version": "1.10.0",
      "resolved": "https://ab-inbev.pkgs.visualstudio.com/GHQ_B2B_Delta/_packaging/nfa-services/npm/registry/localforage/-/localforage-1.10.0.tgz",
      "integrity": "sha1-XEZdxfYrKAfDqEwMahsbMhJ4HdQ=",
      "requires": {
        "lie": "3.1.1"
      }
    },
    "lodash": {
      "version": "4.17.21",
      "resolved": "https://ab-inbev.pkgs.visualstudio.com/GHQ_B2B_Delta/_packaging/nfa-services/npm/registry/lodash/-/lodash-4.17.21.tgz",
      "integrity": "sha1-Z5WRxWTDv/quhFTPCz3zcMPWkRw="
    },
    "loose-envify": {
      "version": "1.4.0",
      "resolved": "https://ab-inbev.pkgs.visualstudio.com/GHQ_B2B_Delta/_packaging/nfa-services/npm/registry/loose-envify/-/loose-envify-1.4.0.tgz",
      "integrity": "sha1-ce5R+nvkyuwaY4OffmgtgTLTDK8=",
      "requires": {
        "js-tokens": "^3.0.0 || ^4.0.0"
      }
    },
    "marks-pane": {
      "version": "1.0.9",
      "resolved": "https://ab-inbev.pkgs.visualstudio.com/GHQ_B2B_Delta/_packaging/nfa-services/npm/registry/marks-pane/-/marks-pane-1.0.9.tgz",
      "integrity": "sha1-wLWrgTOE2M2B+q6zu/M5fcgJwbM="
    },
    "next-tick": {
      "version": "1.0.0",
      "resolved": "https://ab-inbev.pkgs.visualstudio.com/GHQ_B2B_Delta/_packaging/nfa-services/npm/registry/next-tick/-/next-tick-1.0.0.tgz",
      "integrity": "sha1-yobR/ogoFpsBICCOPchCS524NCw="
    },
    "object-assign": {
      "version": "4.1.1",
      "resolved": "https://ab-inbev.pkgs.visualstudio.com/GHQ_B2B_Delta/_packaging/nfa-services/npm/registry/object-assign/-/object-assign-4.1.1.tgz",
      "integrity": "sha1-IQmtx5ZYh8/AXLvUQsrIv7s2CGM="
    },
    "pako": {
      "version": "1.0.11",
      "resolved": "https://ab-inbev.pkgs.visualstudio.com/GHQ_B2B_Delta/_packaging/nfa-services/npm/registry/pako/-/pako-1.0.11.tgz",
      "integrity": "sha1-bJWZ00DVTf05RjgCUqNXBaa5kr8="
    },
    "path-webpack": {
      "version": "0.0.3",
      "resolved": "https://ab-inbev.pkgs.visualstudio.com/GHQ_B2B_Delta/_packaging/nfa-services/npm/registry/path-webpack/-/path-webpack-0.0.3.tgz",
      "integrity": "sha1-/23sdJ7sWpRgXATV9j/FVgegOhY="
    },
    "process-nextick-args": {
      "version": "2.0.1",
      "resolved": "https://ab-inbev.pkgs.visualstudio.com/GHQ_B2B_Delta/_packaging/nfa-services/npm/registry/process-nextick-args/-/process-nextick-args-2.0.1.tgz",
      "integrity": "sha1-eCDZsWEgzFXKmud5JoCufbptf+I="
    },
    "prop-types": {
      "version": "15.7.2",
      "resolved": "https://ab-inbev.pkgs.visualstudio.com/GHQ_B2B_Delta/_packaging/nfa-services/npm/registry/prop-types/-/prop-types-15.7.2.tgz",
      "integrity": "sha1-UsQedbjIfnK52TYOAga5ncv/psU=",
      "requires": {
        "loose-envify": "^1.4.0",
        "object-assign": "^4.1.1",
        "react-is": "^16.8.1"
      }
    },
    "react-is": {
      "version": "16.13.1",
      "resolved": "https://ab-inbev.pkgs.visualstudio.com/GHQ_B2B_Delta/_packaging/nfa-services/npm/registry/react-is/-/react-is-16.13.1.tgz",
      "integrity": "sha1-eJcppNw23imZ3BVt1sHZwYzqVqQ="
    },
    "react-reader": {
      "version": "0.20.4",
      "resolved": "https://ab-inbev.pkgs.visualstudio.com/GHQ_B2B_Delta/_packaging/nfa-services/npm/registry/react-reader/-/react-reader-0.20.4.tgz",
      "integrity": "sha1-3bwHvyvv3m4Sv7ICqZMv6OOta/E=",
      "requires": {
        "epubjs": "^0.3.88",
        "prop-types": "^15.7.2",
        "react-swipeable": "^6.1.2"
      }
    },
    "react-swipeable": {
      "version": "6.2.0",
      "resolved": "https://ab-inbev.pkgs.visualstudio.com/GHQ_B2B_Delta/_packaging/nfa-services/npm/registry/react-swipeable/-/react-swipeable-6.2.0.tgz",
      "integrity": "sha1-BXJxy3pvtK+dKj9tgMzfM+L2TUc="
    },
    "readable-stream": {
      "version": "2.3.7",
      "resolved": "https://ab-inbev.pkgs.visualstudio.com/GHQ_B2B_Delta/_packaging/nfa-services/npm/registry/readable-stream/-/readable-stream-2.3.7.tgz",
      "integrity": "sha1-Hsoc9xGu+BTAT2IlKjamL2yyO1c=",
      "requires": {
        "core-util-is": "~1.0.0",
        "inherits": "~2.0.3",
        "isarray": "~1.0.0",
        "process-nextick-args": "~2.0.0",
        "safe-buffer": "~5.1.1",
        "string_decoder": "~1.1.1",
        "util-deprecate": "~1.0.1"
      }
    },
    "safe-buffer": {
      "version": "5.1.2",
      "resolved": "https://ab-inbev.pkgs.visualstudio.com/GHQ_B2B_Delta/_packaging/nfa-services/npm/registry/safe-buffer/-/safe-buffer-5.1.2.tgz",
      "integrity": "sha1-mR7GnSluAxN0fVm9/St0XDX4go0="
    },
    "set-immediate-shim": {
      "version": "1.0.1",
      "resolved": "https://ab-inbev.pkgs.visualstudio.com/GHQ_B2B_Delta/_packaging/nfa-services/npm/registry/set-immediate-shim/-/set-immediate-shim-1.0.1.tgz",
      "integrity": "sha1-SysbJ+uAip+NzEgaWOXlb1mfP2E="
    },
    "string_decoder": {
      "version": "1.1.1",
      "resolved": "https://ab-inbev.pkgs.visualstudio.com/GHQ_B2B_Delta/_packaging/nfa-services/npm/registry/string_decoder/-/string_decoder-1.1.1.tgz",
      "integrity": "sha1-nPFhG6YmhdcDCunkujQUnDrwP8g=",
      "requires": {
        "safe-buffer": "~5.1.0"
      }
    },
    "type": {
      "version": "1.2.0",
      "resolved": "https://ab-inbev.pkgs.visualstudio.com/GHQ_B2B_Delta/_packaging/nfa-services/npm/registry/type/-/type-1.2.0.tgz",
      "integrity": "sha1-hI3XaY2vo+VKbEeedZxLw/GIR6A="
    },
    "util-deprecate": {
      "version": "1.0.2",
      "resolved": "https://ab-inbev.pkgs.visualstudio.com/GHQ_B2B_Delta/_packaging/nfa-services/npm/registry/util-deprecate/-/util-deprecate-1.0.2.tgz",
      "integrity": "sha1-RQ1Nyfpw3nMnYvvS1KKJgUGaDM8="
    }
  }
}
